
Microsoft Visual Studio Solution File, Format Version 12.00
# Visual Studio Version 16
VisualStudioVersion = 16.0.29306.81
MinimumVisualStudioVersion = 10.0.40219.1
Project("{FAE04EC0-301F-11D3-BF4B-00C04F79EFBC}") = "BasicMathOperations1", "BasicMathOperations1\BasicMathOperations1.csproj", "{CFEF8F69-AF26-4A64-A7DB-D62ACC570757}"
EndProject
Global
	GlobalSection(SolutionConfigurationPlatforms) = preSolution
		Debug|Any CPU = Debug|Any CPU
		Release|Any CPU = Release|Any CPU
	EndGlobalSection
	GlobalSection(ProjectConfigurationPlatforms) = postSolution
		{CFEF8F69-AF26-4A64-A7DB-D62ACC570757}.Debug|Any CPU.ActiveCfg = Debug|Any CPU
		{CFEF8F69-AF26-4A64-A7DB-D62ACC570757}.Debug|Any CPU.Build.0 = Debug|Any CPU
		{CFEF8F69-AF26-4A64-A7DB-D62ACC570757}.Release|Any CPU.ActiveCfg = Release|Any CPU
		{CFEF8F69-AF26-4A64-A7DB-D62ACC570757}.Release|Any CPU.Build.0 = Release|Any CPU
	EndGlobalSection
	GlobalSection(SolutionProperties) = preSolution
		HideSolutionNode = FALSE
	EndGlobalSection
	GlobalSection(ExtensibilityGlobals) = postSolution
		SolutionGuid = {D5C84654-6474-4072-9241-3D09418BD1C2}
	EndGlobalSection
EndGlobal
